{
  "name": "sketch-assistants-run",
  "version": "1.0.0",
  "lockfileVersion": 1,
  "requires": true,
  "dependencies": {
    "@lingui/core": {
      "version": "2.9.1",
      "resolved": "https://registry.npmjs.org/@lingui/core/-/core-2.9.1.tgz",
      "integrity": "sha512-oygikacnRlfR2p8Q30q9z7jBASvVd8JXgoq7q2Ao/NdZyk3YIYbDhBICxAtwlCbm1hSROh2xMS2Ygx3Ezwzp1Q==",
      "requires": {
        "babel-runtime": "^6.26.0",
        "make-plural": "^4.1.1",
        "messageformat-parser": "^2.0.0"
      }
    },
    "@schemastore/package": {
      "version": "0.0.5",
      "resolved": "https://registry.npmjs.org/@schemastore/package/-/package-0.0.5.tgz",
      "integrity": "sha512-0XEiMT/Rh8I0SEIO81fo5MN3AHhONFv9SJ1IIJ5OTI3PN/jG032OPlHUMxvrun7yc6YUGtufVg2WPQVK8PaH5Q=="
    },
    "@sketch-hq/sketch-assistant-types": {
      "version": "5.0.0-next.11",
      "resolved": "https://registry.npmjs.org/@sketch-hq/sketch-assistant-types/-/sketch-assistant-types-5.0.0-next.11.tgz",
      "integrity": "sha512-Jcr8YLTHbKfDUQTE8kMlGfRJPh6h5KzC2ESShUUIngqlfPncy49P9iVTTuMZs6Y1pVR6Gc7fVDCldZz8WakhbA==",
      "requires": {
        "@schemastore/package": "0.0.5",
        "@sketch-hq/sketch-file-format-ts": "5.0.0",
        "@types/json-schema": "7.0.4"
      }
    },
    "@sketch-hq/sketch-core-assistant": {
      "version": "5.0.0-next.14",
      "resolved": "https://registry.npmjs.org/@sketch-hq/sketch-core-assistant/-/sketch-core-assistant-5.0.0-next.14.tgz",
      "integrity": "sha512-R4nlfTONx0RB8JQZxU0NNr1qxraOJ/F5BKfY01/35gZCZE0ffWAxMrTHdQF8oTa8WjGQar9ZXUcGcta0eB3B9Q==",
      "requires": {
        "@lingui/core": "2.9.1",
        "@sketch-hq/sketch-assistant-types": "5.0.0-next.11",
        "@types/lingui__core": "2.7.0",
        "@types/lingui__macro": "2.7.3"
      }
    },
    "@sketch-hq/sketch-file-format-ts": {
      "version": "5.0.0",
      "resolved": "https://registry.npmjs.org/@sketch-hq/sketch-file-format-ts/-/sketch-file-format-ts-5.0.0.tgz",
      "integrity": "sha512-O3wtaPaT5PGP43Klw31D22867m77DNvnq97NfDnc//X+a8STqAqXSyHSkypZ6Ygeg4lHygk192EEpH4HDyRWEA=="
    },
    "@sketch-hq/sketch-tidy-assistant": {
      "version": "5.0.0-next.14",
      "resolved": "https://registry.npmjs.org/@sketch-hq/sketch-tidy-assistant/-/sketch-tidy-assistant-5.0.0-next.14.tgz",
      "integrity": "sha512-PrCeD0+4ZMDFbBgsx69iOlMzWbHL6gwLLxMBBf5CBxDRVxdr0/sFIWT0gMwKLVz8VqnUiKxxLztaa20bpg8NiQ==",
      "requires": {
        "@sketch-hq/sketch-assistant-types": "5.0.0-next.11",
        "@sketch-hq/sketch-core-assistant": "5.0.0-next.14"
      }
    },
    "@types/json-schema": {
      "version": "7.0.4",
      "resolved": "https://registry.npmjs.org/@types/json-schema/-/json-schema-7.0.4.tgz",
      "integrity": "sha512-8+KAKzEvSUdeo+kmqnKrqgeE+LcA0tjYWFY7RPProVYwnqDjukzO+3b6dLD56rYX5TdWejnEOLJYOIeh4CXKuA=="
    },
    "@types/lingui__core": {
      "version": "2.7.0",
      "resolved": "https://registry.npmjs.org/@types/lingui__core/-/lingui__core-2.7.0.tgz",
      "integrity": "sha512-4gx/msI4cVlx1/RI1g6bDREZqflWh4HflMX3A5mMnvM6ymohg5SOzWk+R18N6/44ONPqOI+pcP8xjKLrI2tQhQ=="
    },
    "@types/lingui__macro": {
      "version": "2.7.3",
      "resolved": "https://registry.npmjs.org/@types/lingui__macro/-/lingui__macro-2.7.3.tgz",
      "integrity": "sha512-/kU4T6F7qNYwao0G2NV2LBt0AZuGcLM2w37pf70QcZDky1TAJIGxB76m4L1jlTW4GZXbvPZbQlws8i8Uctqg3A==",
      "requires": {
        "@types/lingui__core": "*",
        "@types/react": "*"
      }
    },
    "@types/prop-types": {
      "version": "15.7.3",
      "resolved": "https://registry.npmjs.org/@types/prop-types/-/prop-types-15.7.3.tgz",
      "integrity": "sha512-KfRL3PuHmqQLOG+2tGpRO26Ctg+Cq1E01D2DMriKEATHgWLfeNDmq9e29Q9WIky0dQ3NPkd1mzYH8Lm936Z9qw=="
    },
    "@types/react": {
      "version": "16.9.35",
      "resolved": "https://registry.npmjs.org/@types/react/-/react-16.9.35.tgz",
      "integrity": "sha512-q0n0SsWcGc8nDqH2GJfWQWUOmZSJhXV64CjVN5SvcNti3TdEaA3AH0D8DwNmMdzjMAC/78tB8nAZIlV8yTz+zQ==",
      "requires": {
        "@types/prop-types": "*",
        "csstype": "^2.2.0"
      }
    },
    "babel-runtime": {
      "version": "6.26.0",
      "resolved": "https://registry.npmjs.org/babel-runtime/-/babel-runtime-6.26.0.tgz",
      "integrity": "sha1-llxwWGaOgrVde/4E/yM3vItWR/4=",
      "requires": {
        "core-js": "^2.4.0",
        "regenerator-runtime": "^0.11.0"
      }
    },
    "core-js": {
      "version": "2.6.11",
      "resolved": "https://registry.npmjs.org/core-js/-/core-js-2.6.11.tgz",
      "integrity": "sha512-5wjnpaT/3dV+XB4borEsnAYQchn00XSgTAWKDkEqv+K8KevjbzmofK6hfJ9TZIlpj2N0xQpazy7PiRQiWHqzWg=="
    },
    "csstype": {
      "version": "2.6.10",
      "resolved": "https://registry.npmjs.org/csstype/-/csstype-2.6.10.tgz",
      "integrity": "sha512-D34BqZU4cIlMCY93rZHbrq9pjTAQJ3U8S8rfBqjwHxkGPThWFjzZDQpgMJY0QViLxth6ZKYiwFBo14RdN44U/w=="
    },
    "make-plural": {
      "version": "4.3.0",
      "resolved": "https://registry.npmjs.org/make-plural/-/make-plural-4.3.0.tgz",
      "integrity": "sha512-xTYd4JVHpSCW+aqDof6w/MebaMVNTVYBZhbB/vi513xXdiPT92JMVCo0Jq8W2UZnzYRFeVbQiQ+I25l13JuKvA==",
      "requires": {
        "minimist": "^1.2.0"
      }
    },
    "messageformat-parser": {
      "version": "2.0.0",
      "resolved": "https://registry.npmjs.org/messageformat-parser/-/messageformat-parser-2.0.0.tgz",
      "integrity": "sha512-C2ZjB5GlLeikkeoMCTcwEeb68LrFl9osxQzXHIPh0Wcj+43wNsoKpRRKq9rm204sAIdknrdcoeQMUnzvDuMf6g=="
    },
    "minimist": {
      "version": "1.2.6",
      "resolved": "https://registry.npmjs.org/minimist/-/minimist-1.2.6.tgz",
      "integrity": "sha512-Jsjnk4bw3YJqYzbdyBiNsPWHPfO++UGG749Cxs6peCu5Xg4nrena6OVxOYxrQTqww0Jmwt+Ref8rggumkTLz9Q=="
    },
    "regenerator-runtime": {
      "version": "0.11.1",
      "resolved": "https://registry.npmjs.org/regenerator-runtime/-/regenerator-runtime-0.11.1.tgz",
      "integrity": "sha512-MguG95oij0fC3QV3URf4V2SDYGJhJnJGqvIIgdECeODCT98wSWDAJ94SSuVpYQUoTcGUIL6L4yNB7j1DFFHSBg=="
    }
  }
}
